
Microsoft Visual Studio Solution File, Format Version 12.00
# Visual Studio Version 17
VisualStudioVersion = 17.3.32825.248
MinimumVisualStudioVersion = 10.0.40219.1
Project("{FAE04EC0-301F-11D3-BF4B-00C04F79EFBC}") = "Y9_MiniApps", "Y9_MiniApps\Y9_MiniApps.csproj", "{556DCA7D-680F-49A9-82A2-E6F725EC72D0}"
EndProject
Global
	GlobalSection(SolutionConfigurationPlatforms) = preSolution
		Debug|Any CPU = Debug|Any CPU
		Release|Any CPU = Release|Any CPU
	EndGlobalSection
	GlobalSection(ProjectConfigurationPlatforms) = postSolution
		{556DCA7D-680F-49A9-82A2-E6F725EC72D0}.Debug|Any CPU.ActiveCfg = Debug|Any CPU
		{556DCA7D-680F-49A9-82A2-E6F725EC72D0}.Debug|Any CPU.Build.0 = Debug|Any CPU
		{556DCA7D-680F-49A9-82A2-E6F725EC72D0}.Release|Any CPU.ActiveCfg = Release|Any CPU
		{556DCA7D-680F-49A9-82A2-E6F725EC72D0}.Release|Any CPU.Build.0 = Release|Any CPU
	EndGlobalSection
	GlobalSection(SolutionProperties) = preSolution
		HideSolutionNode = FALSE
	EndGlobalSection
	GlobalSection(ExtensibilityGlobals) = postSolution
		SolutionGuid = {E5F6D7E1-9358-4042-843F-11E5D84CADFB}
	EndGlobalSection
EndGlobal
